
Microsoft Visual Studio Solution File, Format Version 12.00
# Visual Studio Version 17
VisualStudioVersion = 17.8.34316.72
MinimumVisualStudioVersion = 10.0.40219.1
Project("{9A19103F-16F7-4668-BE54-9A1E7A4F7556}") = "aoc2023", ".\aoc2023.csproj", "{65A756B0-132B-4EDE-99D7-DA7584318BCA}"
EndProject
Global
	GlobalSection(SolutionConfigurationPlatforms) = preSolution
		Debug|Any CPU = Debug|Any CPU
		Release|Any CPU = Release|Any CPU
	EndGlobalSection
	GlobalSection(ProjectConfigurationPlatforms) = postSolution
		{65A756B0-132B-4EDE-99D7-DA7584318BCA}.Debug|Any CPU.ActiveCfg = Debug|Any CPU
		{65A756B0-132B-4EDE-99D7-DA7584318BCA}.Debug|Any CPU.Build.0 = Debug|Any CPU
		{65A756B0-132B-4EDE-99D7-DA7584318BCA}.Release|Any CPU.ActiveCfg = Release|Any CPU
		{65A756B0-132B-4EDE-99D7-DA7584318BCA}.Release|Any CPU.Build.0 = Release|Any CPU
	EndGlobalSection
	GlobalSection(SolutionProperties) = preSolution
		HideSolutionNode = FALSE
	EndGlobalSection
	GlobalSection(ExtensibilityGlobals) = postSolution
		SolutionGuid = {9CAAB2C6-832B-4E8B-B134-3DA1229D6E2C}
	EndGlobalSection
EndGlobal
